
Microsoft Visual Studio Solution File, Format Version 12.00
# Visual Studio Version 16
VisualStudioVersion = 16.0.30011.22
MinimumVisualStudioVersion = 10.0.40219.1
Project("{FAE04EC0-301F-11D3-BF4B-00C04F79EFBC}") = "AdventOfCode2020", "AdventOfCode2020.csproj", "{DD68561F-73C3-4958-94FA-3F8D5849D1DF}"
EndProject
Global
	GlobalSection(SolutionConfigurationPlatforms) = preSolution
		Debug|Any CPU = Debug|Any CPU
		Release|Any CPU = Release|Any CPU
	EndGlobalSection
	GlobalSection(ProjectConfigurationPlatforms) = postSolution
		{DD68561F-73C3-4958-94FA-3F8D5849D1DF}.Debug|Any CPU.ActiveCfg = Debug|Any CPU
		{DD68561F-73C3-4958-94FA-3F8D5849D1DF}.Debug|Any CPU.Build.0 = Debug|Any CPU
		{DD68561F-73C3-4958-94FA-3F8D5849D1DF}.Release|Any CPU.ActiveCfg = Release|Any CPU
		{DD68561F-73C3-4958-94FA-3F8D5849D1DF}.Release|Any CPU.Build.0 = Release|Any CPU
	EndGlobalSection
	GlobalSection(SolutionProperties) = preSolution
		HideSolutionNode = FALSE
	EndGlobalSection
	GlobalSection(ExtensibilityGlobals) = postSolution
		SolutionGuid = {5B4EDDF8-562B-40FE-9612-9F41282F6D7B}
	EndGlobalSection
EndGlobal
